
Microsoft Visual Studio Solution File, Format Version 12.00
# Visual Studio Version 16
VisualStudioVersion = 16.0.31205.134
MinimumVisualStudioVersion = 10.0.40219.1
Project("{FAE04EC0-301F-11D3-BF4B-00C04F79EFBC}") = "S2_MVCProject.Web", "S2_MVCProject.Web\S2_MVCProject.Web.csproj", "{2383B225-87A9-42C0-9F34-FC22E37FE77F}"
EndProject
Global
	GlobalSection(SolutionConfigurationPlatforms) = preSolution
		Debug|Any CPU = Debug|Any CPU
		Release|Any CPU = Release|Any CPU
	EndGlobalSection
	GlobalSection(ProjectConfigurationPlatforms) = postSolution
		{2383B225-87A9-42C0-9F34-FC22E37FE77F}.Debug|Any CPU.ActiveCfg = Debug|Any CPU
		{2383B225-87A9-42C0-9F34-FC22E37FE77F}.Debug|Any CPU.Build.0 = Debug|Any CPU
		{2383B225-87A9-42C0-9F34-FC22E37FE77F}.Release|Any CPU.ActiveCfg = Release|Any CPU
		{2383B225-87A9-42C0-9F34-FC22E37FE77F}.Release|Any CPU.Build.0 = Release|Any CPU
	EndGlobalSection
	GlobalSection(SolutionProperties) = preSolution
		HideSolutionNode = FALSE
	EndGlobalSection
	GlobalSection(ExtensibilityGlobals) = postSolution
		SolutionGuid = {7C88141F-317E-4219-91EC-EA8768413CE7}
	EndGlobalSection
EndGlobal
